PODS:
  - PermissionsService (0.3.0):
    - PermissionsService/Core (= 0.3.0)
  - PermissionsService/Core (0.3.0)

DEPENDENCIES:
  - PermissionsService (from `../`)

EXTERNAL SOURCES:
  PermissionsService:
    :path: ../

SPEC CHECKSUMS:
  PermissionsService: c1158c32a36c90f24aada44a216bac080f781075

PODFILE CHECKSUM: 98ad7411821ad1ac71d163e3c493ddf9366a58e7

COCOAPODS: 1.1.1
