PODS:
  - PermissionsService (0.1.7)

DEPENDENCIES:
  - PermissionsService (from `../`)

EXTERNAL SOURCES:
  PermissionsService:
    :path: ../

SPEC CHECKSUMS:
  PermissionsService: 871937b325723fdaa47bff67b919e50f1356e1cd

PODFILE CHECKSUM: 605f6f23b51dfda6c1f2f2f4de68315e4fcdcad9

COCOAPODS: 1.1.1
